// !$*UTF8*$!
{
	archiveVersion = 1;
	classes = {
	};
	objectVersion = 56;
	objects = {

/* Begin PBXBuildFile section */
		921F140029DA2ACE007B9778 /* AppDelegate.swift in Sources */ = {isa = PBXBuildFile; fileRef = 921F13FF29DA2ACE007B9778 /* AppDelegate.swift */; };
		921F140229DA2ACE007B9778 /* SceneDelegate.swift in Sources */ = {isa = PBXBuildFile; fileRef = 921F140129DA2ACE007B9778 /* SceneDelegate.swift */; };
		921F140429DA2ACE007B9778 /* MainViewController.swift in Sources */ = {isa = PBXBuildFile; fileRef = 921F140329DA2ACE007B9778 /* MainViewController.swift */; };
		921F140929DA2ACF007B9778 /* Assets.xcassets in Resources */ = {isa = PBXBuildFile; fileRef = 921F140829DA2ACF007B9778 /* Assets.xcassets */; };
		921F140C29DA2ACF007B9778 /* LaunchScreen.storyboard in Resources */ = {isa = PBXBuildFile; fileRef = 921F140A29DA2ACF007B9778 /* LaunchScreen.storyboard */; };
		92374DDD616F8B066C778991 /* Pods_HammerTest.framework in Frameworks */ = {isa = PBXBuildFile; fileRef = 8865063E467E7AC48A27C51E /* Pods_HammerTest.framework */; };
		9239820F29DA35DF00A087C3 /* Design.swift in Sources */ = {isa = PBXBuildFile; fileRef = 9239820E29DA35DF00A087C3 /* Design.swift */; };
		9239821329DA372900A087C3 /* AppCoordinator.swift in Sources */ = {isa = PBXBuildFile; fileRef = 9239821229DA372900A087C3 /* AppCoordinator.swift */; };
		9239821629DA37CE00A087C3 /* ContactsViewController.swift in Sources */ = {isa = PBXBuildFile; fileRef = 9239821529DA37CE00A087C3 /* ContactsViewController.swift */; };
		9239821B29DA382300A087C3 /* ProfileViewController.swift in Sources */ = {isa = PBXBuildFile; fileRef = 9239821A29DA382300A087C3 /* ProfileViewController.swift */; };
		9239821E29DA38BA00A087C3 /* CartViewController.swift in Sources */ = {isa = PBXBuildFile; fileRef = 9239821D29DA38BA00A087C3 /* CartViewController.swift */; };
		9239822129DA390200A087C3 /* TabBarViewController.swift in Sources */ = {isa = PBXBuildFile; fileRef = 9239822029DA390200A087C3 /* TabBarViewController.swift */; };
		9239822529DA43D200A087C3 /* BannerView.swift in Sources */ = {isa = PBXBuildFile; fileRef = 9239822429DA43D200A087C3 /* BannerView.swift */; };
		9239822829DABABC00A087C3 /* UITableViewCell.swift in Sources */ = {isa = PBXBuildFile; fileRef = 9239822729DABABC00A087C3 /* UITableViewCell.swift */; };
		9239822A29DABAC800A087C3 /* UICollectionViewCell.swift in Sources */ = {isa = PBXBuildFile; fileRef = 9239822929DABAC800A087C3 /* UICollectionViewCell.swift */; };
		9239822C29DABAD900A087C3 /* UIView.swift in Sources */ = {isa = PBXBuildFile; fileRef = 9239822B29DABAD900A087C3 /* UIView.swift */; };
		9239822F29DABD5100A087C3 /* BannerViewCell.swift in Sources */ = {isa = PBXBuildFile; fileRef = 9239822E29DABD5100A087C3 /* BannerViewCell.swift */; };
		9239823229DAE5CC00A087C3 /* CategoryView.swift in Sources */ = {isa = PBXBuildFile; fileRef = 9239823129DAE5CC00A087C3 /* CategoryView.swift */; };
		9239823429DAE5DA00A087C3 /* CategoryViewCell.swift in Sources */ = {isa = PBXBuildFile; fileRef = 9239823329DAE5DA00A087C3 /* CategoryViewCell.swift */; };
		9239823729DAF38B00A087C3 /* MenuTableCell.swift in Sources */ = {isa = PBXBuildFile; fileRef = 9239823629DAF38B00A087C3 /* MenuTableCell.swift */; };
		9239823B29DB419900A087C3 /* AbstractErrorParser.swift in Sources */ = {isa = PBXBuildFile; fileRef = 9239823A29DB419900A087C3 /* AbstractErrorParser.swift */; };
		9239823D29DB41C500A087C3 /* AbstractRequestFactory.swift in Sources */ = {isa = PBXBuildFile; fileRef = 9239823C29DB41C500A087C3 /* AbstractRequestFactory.swift */; };
		9239823F29DB420900A087C3 /* DataRequest.swift in Sources */ = {isa = PBXBuildFile; fileRef = 9239823E29DB420900A087C3 /* DataRequest.swift */; };
		9239824129DB423400A087C3 /* ErrorParser.swift in Sources */ = {isa = PBXBuildFile; fileRef = 9239824029DB423400A087C3 /* ErrorParser.swift */; };
		9239824329DB426800A087C3 /* RequestRouter.swift in Sources */ = {isa = PBXBuildFile; fileRef = 9239824229DB426800A087C3 /* RequestRouter.swift */; };
		9239824729DB433C00A087C3 /* RequestFactory.swift in Sources */ = {isa = PBXBuildFile; fileRef = 9239824629DB433C00A087C3 /* RequestFactory.swift */; };
		9239824A29DB457200A087C3 /* PizzaListFactory.swift in Sources */ = {isa = PBXBuildFile; fileRef = 9239824929DB457200A087C3 /* PizzaListFactory.swift */; };
		9239824C29DB47A400A087C3 /* PizzaResult.swift in Sources */ = {isa = PBXBuildFile; fileRef = 9239824B29DB47A400A087C3 /* PizzaResult.swift */; };
		9239824E29DB4AB000A087C3 /* PizzaListRequest.swift in Sources */ = {isa = PBXBuildFile; fileRef = 9239824D29DB4AB000A087C3 /* PizzaListRequest.swift */; };
		9239825029DB4B5500A087C3 /* Network.swift in Sources */ = {isa = PBXBuildFile; fileRef = 9239824F29DB4B5500A087C3 /* Network.swift */; };
		9239825229DB6C6500A087C3 /* UIViewController.swift in Sources */ = {isa = PBXBuildFile; fileRef = 9239825129DB6C6500A087C3 /* UIViewController.swift */; };
		9239825429DB857600A087C3 /* MainViewPresenter.swift in Sources */ = {isa = PBXBuildFile; fileRef = 9239825329DB857600A087C3 /* MainViewPresenter.swift */; };
		9239825629DB86B100A087C3 /* MainModuleBuilder.swift in Sources */ = {isa = PBXBuildFile; fileRef = 9239825529DB86B100A087C3 /* MainModuleBuilder.swift */; };
		9239825829DB873800A087C3 /* MainProtocols.swift in Sources */ = {isa = PBXBuildFile; fileRef = 9239825729DB873800A087C3 /* MainProtocols.swift */; };
/* End PBXBuildFile section */

/* Begin PBXFileReference section */
		4803D4D5E32B94A33D4AD44B /* Pods-HammerTest.release.xcconfig */ = {isa = PBXFileReference; includeInIndex = 1; lastKnownFileType = text.xcconfig; name = "Pods-HammerTest.release.xcconfig"; path = "Target Support Files/Pods-HammerTest/Pods-HammerTest.release.xcconfig"; sourceTree = "<group>"; };
		8865063E467E7AC48A27C51E /* Pods_HammerTest.framework */ = {isa = PBXFileReference; explicitFileType = wrapper.framework; includeInIndex = 0; path = Pods_HammerTest.framework; sourceTree = BUILT_PRODUCTS_DIR; };
		921F13FC29DA2ACE007B9778 /* HammerTest.app */ = {isa = PBXFileReference; explicitFileType = wrapper.application; includeInIndex = 0; path = HammerTest.app; sourceTree = BUILT_PRODUCTS_DIR; };
		921F13FF29DA2ACE007B9778 /* AppDelegate.swift */ = {isa = PBXFileReference; lastKnownFileType = sourcecode.swift; path = AppDelegate.swift; sourceTree = "<group>"; };
		921F140129DA2ACE007B9778 /* SceneDelegate.swift */ = {isa = PBXFileReference; lastKnownFileType = sourcecode.swift; path = SceneDelegate.swift; sourceTree = "<group>"; };
		921F140329DA2ACE007B9778 /* MainViewController.swift */ = {isa = PBXFileReference; lastKnownFileType = sourcecode.swift; path = MainViewController.swift; sourceTree = "<group>"; };
		921F140829DA2ACF007B9778 /* Assets.xcassets */ = {isa = PBXFileReference; lastKnownFileType = folder.assetcatalog; path = Assets.xcassets; sourceTree = "<group>"; };
		921F140B29DA2ACF007B9778 /* Base */ = {isa = PBXFileReference; lastKnownFileType = file.storyboard; name = Base; path = Base.lproj/LaunchScreen.storyboard; sourceTree = "<group>"; };
		921F140D29DA2ACF007B9778 /* Info.plist */ = {isa = PBXFileReference; lastKnownFileType = text.plist.xml; path = Info.plist; sourceTree = "<group>"; };
		9239820E29DA35DF00A087C3 /* Design.swift */ = {isa = PBXFileReference; lastKnownFileType = sourcecode.swift; path = Design.swift; sourceTree = "<group>"; };
		9239821229DA372900A087C3 /* AppCoordinator.swift */ = {isa = PBXFileReference; lastKnownFileType = sourcecode.swift; path = AppCoordinator.swift; sourceTree = "<group>"; };
		9239821529DA37CE00A087C3 /* ContactsViewController.swift */ = {isa = PBXFileReference; lastKnownFileType = sourcecode.swift; path = ContactsViewController.swift; sourceTree = "<group>"; };
		9239821A29DA382300A087C3 /* ProfileViewController.swift */ = {isa = PBXFileReference; lastKnownFileType = sourcecode.swift; path = ProfileViewController.swift; sourceTree = "<group>"; };
		9239821D29DA38BA00A087C3 /* CartViewController.swift */ = {isa = PBXFileReference; lastKnownFileType = sourcecode.swift; path = CartViewController.swift; sourceTree = "<group>"; };
		9239822029DA390200A087C3 /* TabBarViewController.swift */ = {isa = PBXFileReference; lastKnownFileType = sourcecode.swift; path = TabBarViewController.swift; sourceTree = "<group>"; };
		9239822429DA43D200A087C3 /* BannerView.swift */ = {isa = PBXFileReference; lastKnownFileType = sourcecode.swift; path = BannerView.swift; sourceTree = "<group>"; };
		9239822729DABABC00A087C3 /* UITableViewCell.swift */ = {isa = PBXFileReference; lastKnownFileType = sourcecode.swift; path = UITableViewCell.swift; sourceTree = "<group>"; };
		9239822929DABAC800A087C3 /* UICollectionViewCell.swift */ = {isa = PBXFileReference; lastKnownFileType = sourcecode.swift; path = UICollectionViewCell.swift; sourceTree = "<group>"; };
		9239822B29DABAD900A087C3 /* UIView.swift */ = {isa = PBXFileReference; lastKnownFileType = sourcecode.swift; path = UIView.swift; sourceTree = "<group>"; };
		9239822E29DABD5100A087C3 /* BannerViewCell.swift */ = {isa = PBXFileReference; lastKnownFileType = sourcecode.swift; path = BannerViewCell.swift; sourceTree = "<group>"; };
		9239823129DAE5CC00A087C3 /* CategoryView.swift */ = {isa = PBXFileReference; lastKnownFileType = sourcecode.swift; path = CategoryView.swift; sourceTree = "<group>"; };
		9239823329DAE5DA00A087C3 /* CategoryViewCell.swift */ = {isa = PBXFileReference; lastKnownFileType = sourcecode.swift; path = CategoryViewCell.swift; sourceTree = "<group>"; };
		9239823629DAF38B00A087C3 /* MenuTableCell.swift */ = {isa = PBXFileReference; lastKnownFileType = sourcecode.swift; path = MenuTableCell.swift; sourceTree = "<group>"; };
		9239823A29DB419900A087C3 /* AbstractErrorParser.swift */ = {isa = PBXFileReference; lastKnownFileType = sourcecode.swift; path = AbstractErrorParser.swift; sourceTree = "<group>"; };
		9239823C29DB41C500A087C3 /* AbstractRequestFactory.swift */ = {isa = PBXFileReference; lastKnownFileType = sourcecode.swift; path = AbstractRequestFactory.swift; sourceTree = "<group>"; };
		9239823E29DB420900A087C3 /* DataRequest.swift */ = {isa = PBXFileReference; lastKnownFileType = sourcecode.swift; path = DataRequest.swift; sourceTree = "<group>"; };
		9239824029DB423400A087C3 /* ErrorParser.swift */ = {isa = PBXFileReference; lastKnownFileType = sourcecode.swift; path = ErrorParser.swift; sourceTree = "<group>"; };
		9239824229DB426800A087C3 /* RequestRouter.swift */ = {isa = PBXFileReference; lastKnownFileType = sourcecode.swift; path = RequestRouter.swift; sourceTree = "<group>"; };
		9239824629DB433C00A087C3 /* RequestFactory.swift */ = {isa = PBXFileReference; lastKnownFileType = sourcecode.swift; path = RequestFactory.swift; sourceTree = "<group>"; };
		9239824929DB457200A087C3 /* PizzaListFactory.swift */ = {isa = PBXFileReference; lastKnownFileType = sourcecode.swift; path = PizzaListFactory.swift; sourceTree = "<group>"; };
		9239824B29DB47A400A087C3 /* PizzaResult.swift */ = {isa = PBXFileReference; lastKnownFileType = sourcecode.swift; path = PizzaResult.swift; sourceTree = "<group>"; };
		9239824D29DB4AB000A087C3 /* PizzaListRequest.swift */ = {isa = PBXFileReference; lastKnownFileType = sourcecode.swift; path = PizzaListRequest.swift; sourceTree = "<group>"; };
		9239824F29DB4B5500A087C3 /* Network.swift */ = {isa = PBXFileReference; lastKnownFileType = sourcecode.swift; path = Network.swift; sourceTree = "<group>"; };
		9239825129DB6C6500A087C3 /* UIViewController.swift */ = {isa = PBXFileReference; lastKnownFileType = sourcecode.swift; path = UIViewController.swift; sourceTree = "<group>"; };
		9239825329DB857600A087C3 /* MainViewPresenter.swift */ = {isa = PBXFileReference; lastKnownFileType = sourcecode.swift; path = MainViewPresenter.swift; sourceTree = "<group>"; };
		9239825529DB86B100A087C3 /* MainModuleBuilder.swift */ = {isa = PBXFileReference; lastKnownFileType = sourcecode.swift; path = MainModuleBuilder.swift; sourceTree = "<group>"; };
		9239825729DB873800A087C3 /* MainProtocols.swift */ = {isa = PBXFileReference; lastKnownFileType = sourcecode.swift; path = MainProtocols.swift; sourceTree = "<group>"; };
		DE480FDD37615B0ABE3F8453 /* Pods-HammerTest.debug.xcconfig */ = {isa = PBXFileReference; includeInIndex = 1; lastKnownFileType = text.xcconfig; name = "Pods-HammerTest.debug.xcconfig"; path = "Target Support Files/Pods-HammerTest/Pods-HammerTest.debug.xcconfig"; sourceTree = "<group>"; };
/* End PBXFileReference section */

/* Begin PBXFrameworksBuildPhase section */
		921F13F929DA2ACE007B9778 /* Frameworks */ = {
			isa = PBXFrameworksBuildPhase;
			buildActionMask = 2147483647;
			files = (
				92374DDD616F8B066C778991 /* Pods_HammerTest.framework in Frameworks */,
			);
			runOnlyForDeploymentPostprocessing = 0;
		};
/* End PBXFrameworksBuildPhase section */

/* Begin PBXGroup section */
		7265D8C12D3F51C1728AB730 /* Frameworks */ = {
			isa = PBXGroup;
			children = (
				8865063E467E7AC48A27C51E /* Pods_HammerTest.framework */,
			);
			name = Frameworks;
			sourceTree = "<group>";
		};
		921F13F329DA2ACE007B9778 = {
			isa = PBXGroup;
			children = (
				921F13FE29DA2ACE007B9778 /* HammerTest */,
				921F13FD29DA2ACE007B9778 /* Products */,
				9F0C8A00DD61F199AFC2C7DC /* Pods */,
				7265D8C12D3F51C1728AB730 /* Frameworks */,
			);
			sourceTree = "<group>";
		};
		921F13FD29DA2ACE007B9778 /* Products */ = {
			isa = PBXGroup;
			children = (
				921F13FC29DA2ACE007B9778 /* HammerTest.app */,
			);
			name = Products;
			sourceTree = "<group>";
		};
		921F13FE29DA2ACE007B9778 /* HammerTest */ = {
			isa = PBXGroup;
			children = (
				9239821129DA370D00A087C3 /* Application */,
				9239823829DB417700A087C3 /* Core */,
				9239822629DABAAC00A087C3 /* Extension */,
				9239824429DB42F300A087C3 /* Models */,
				9239821729DA37E800A087C3 /* Presentation */,
				9239822229DA399400A087C3 /* Resources */,
			);
			path = HammerTest;
			sourceTree = "<group>";
		};
		9239820D29DA35B500A087C3 /* AppConstants */ = {
			isa = PBXGroup;
			children = (
				9239820E29DA35DF00A087C3 /* Design.swift */,
				9239824F29DB4B5500A087C3 /* Network.swift */,
			);
			path = AppConstants;
			sourceTree = "<group>";
		};
		9239821129DA370D00A087C3 /* Application */ = {
			isa = PBXGroup;
			children = (
				9239821229DA372900A087C3 /* AppCoordinator.swift */,
				921F13FF29DA2ACE007B9778 /* AppDelegate.swift */,
				921F140129DA2ACE007B9778 /* SceneDelegate.swift */,
			);
			name = Application;
			sourceTree = "<group>";
		};
		9239821429DA37A800A087C3 /* ContactsViewControlle */ = {
			isa = PBXGroup;
			children = (
				9239821529DA37CE00A087C3 /* ContactsViewController.swift */,
			);
			path = ContactsViewControlle;
			sourceTree = "<group>";
		};
		9239821729DA37E800A087C3 /* Presentation */ = {
			isa = PBXGroup;
			children = (
				921F140A29DA2ACF007B9778 /* LaunchScreen.storyboard */,
				9239821C29DA38A800A087C3 /* CartViewController */,
				9239821429DA37A800A087C3 /* ContactsViewControlle */,
				9239821829DA37FA00A087C3 /* MainViewController */,
				9239821929DA380D00A087C3 /* ProfileViewController */,
				9239821F29DA38BF00A087C3 /* TabBarViewController */,
			);
			path = Presentation;
			sourceTree = "<group>";
		};
		9239821829DA37FA00A087C3 /* MainViewController */ = {
			isa = PBXGroup;
			children = (
				9239825929DB8D8800A087C3 /* MainController */,
				9239825B29DB8D9E00A087C3 /* MainModuleBilder */,
				9239825A29DB8D9300A087C3 /* MainPresenter */,
				9239825729DB873800A087C3 /* MainProtocols.swift */,
				9239822329DA43C300A087C3 /* Views */,
			);
			path = MainViewController;
			sourceTree = "<group>";
		};
		9239821929DA380D00A087C3 /* ProfileViewController */ = {
			isa = PBXGroup;
			children = (
				9239821A29DA382300A087C3 /* ProfileViewController.swift */,
			);
			path = ProfileViewController;
			sourceTree = "<group>";
		};
		9239821C29DA38A800A087C3 /* CartViewController */ = {
			isa = PBXGroup;
			children = (
				9239821D29DA38BA00A087C3 /* CartViewController.swift */,
			);
			path = CartViewController;
			sourceTree = "<group>";
		};
		9239821F29DA38BF00A087C3 /* TabBarViewController */ = {
			isa = PBXGroup;
			children = (
				9239822029DA390200A087C3 /* TabBarViewController.swift */,
			);
			path = TabBarViewController;
			sourceTree = "<group>";
		};
		9239822229DA399400A087C3 /* Resources */ = {
			isa = PBXGroup;
			children = (
				921F140829DA2ACF007B9778 /* Assets.xcassets */,
				921F140D29DA2ACF007B9778 /* Info.plist */,
				9239820D29DA35B500A087C3 /* AppConstants */,
			);
			path = Resources;
			sourceTree = "<group>";
		};
		9239822329DA43C300A087C3 /* Views */ = {
			isa = PBXGroup;
			children = (
				9239822D29DABD3F00A087C3 /* BannerView */,
				9239823029DAE5BD00A087C3 /* CategoryView */,
				9239823529DAF37C00A087C3 /* Cells */,
			);
			path = Views;
			sourceTree = "<group>";
		};
		9239822629DABAAC00A087C3 /* Extension */ = {
			isa = PBXGroup;
			children = (
				9239822729DABABC00A087C3 /* UITableViewCell.swift */,
				9239822929DABAC800A087C3 /* UICollectionViewCell.swift */,
				9239822B29DABAD900A087C3 /* UIView.swift */,
				9239825129DB6C6500A087C3 /* UIViewController.swift */,
			);
			path = Extension;
			sourceTree = "<group>";
		};
		9239822D29DABD3F00A087C3 /* BannerView */ = {
			isa = PBXGroup;
			children = (
				9239822429DA43D200A087C3 /* BannerView.swift */,
				9239822E29DABD5100A087C3 /* BannerViewCell.swift */,
			);
			path = BannerView;
			sourceTree = "<group>";
		};
		9239823029DAE5BD00A087C3 /* CategoryView */ = {
			isa = PBXGroup;
			children = (
				9239823129DAE5CC00A087C3 /* CategoryView.swift */,
				9239823329DAE5DA00A087C3 /* CategoryViewCell.swift */,
			);
			path = CategoryView;
			sourceTree = "<group>";
		};
		9239823529DAF37C00A087C3 /* Cells */ = {
			isa = PBXGroup;
			children = (
				9239823629DAF38B00A087C3 /* MenuTableCell.swift */,
			);
			path = Cells;
			sourceTree = "<group>";
		};
		9239823829DB417700A087C3 /* Core */ = {
			isa = PBXGroup;
			children = (
				9239823929DB418000A087C3 /* Network */,
			);
			path = Core;
			sourceTree = "<group>";
		};
		9239823929DB418000A087C3 /* Network */ = {
			isa = PBXGroup;
			children = (
				9239823A29DB419900A087C3 /* AbstractErrorParser.swift */,
				9239823C29DB41C500A087C3 /* AbstractRequestFactory.swift */,
				9239823E29DB420900A087C3 /* DataRequest.swift */,
				9239824029DB423400A087C3 /* ErrorParser.swift */,
				9239824229DB426800A087C3 /* RequestRouter.swift */,
			);
			path = Network;
			sourceTree = "<group>";
		};
		9239824429DB42F300A087C3 /* Models */ = {
			isa = PBXGroup;
			children = (
				9239824829DB43E700A087C3 /* JSONEntity */,
				9239824529DB432800A087C3 /* Network */,
			);
			path = Models;
			sourceTree = "<group>";
		};
		9239824529DB432800A087C3 /* Network */ = {
			isa = PBXGroup;
			children = (
				9239824629DB433C00A087C3 /* RequestFactory.swift */,
				9239824929DB457200A087C3 /* PizzaListFactory.swift */,
				9239824D29DB4AB000A087C3 /* PizzaListRequest.swift */,
			);
			path = Network;
			sourceTree = "<group>";
		};
		9239824829DB43E700A087C3 /* JSONEntity */ = {
			isa = PBXGroup;
			children = (
				9239824B29DB47A400A087C3 /* PizzaResult.swift */,
			);
			path = JSONEntity;
			sourceTree = "<group>";
		};
		9239825929DB8D8800A087C3 /* MainController */ = {
			isa = PBXGroup;
			children = (
				921F140329DA2ACE007B9778 /* MainViewController.swift */,
			);
			path = MainController;
			sourceTree = "<group>";
		};
		9239825A29DB8D9300A087C3 /* MainPresenter */ = {
			isa = PBXGroup;
			children = (
				9239825329DB857600A087C3 /* MainViewPresenter.swift */,
			);
			path = MainPresenter;
			sourceTree = "<group>";
		};
		9239825B29DB8D9E00A087C3 /* MainModuleBilder */ = {
			isa = PBXGroup;
			children = (
				9239825529DB86B100A087C3 /* MainModuleBuilder.swift */,
			);
			path = MainModuleBilder;
			sourceTree = "<group>";
		};
		9F0C8A00DD61F199AFC2C7DC /* Pods */ = {
			isa = PBXGroup;
			children = (
				DE480FDD37615B0ABE3F8453 /* Pods-HammerTest.debug.xcconfig */,
				4803D4D5E32B94A33D4AD44B /* Pods-HammerTest.release.xcconfig */,
			);
			path = Pods;
			sourceTree = "<group>";
		};
/* End PBXGroup section */

/* Begin PBXNativeTarget section */
		921F13FB29DA2ACE007B9778 /* HammerTest */ = {
			isa = PBXNativeTarget;
			buildConfigurationList = 921F141029DA2ACF007B9778 /* Build configuration list for PBXNativeTarget "HammerTest" */;
			buildPhases = (
				E03F79E8479439B1A053FA46 /* [CP] Check Pods Manifest.lock */,
				921F13F829DA2ACE007B9778 /* Sources */,
				921F13F929DA2ACE007B9778 /* Frameworks */,
				921F13FA29DA2ACE007B9778 /* Resources */,
				0DCD7AD3ECB3DFBDABE6653F /* [CP] Embed Pods Frameworks */,
			);
			buildRules = (
			);
			dependencies = (
			);
			name = HammerTest;
			productName = HammerTest;
			productReference = 921F13FC29DA2ACE007B9778 /* HammerTest.app */;
			productType = "com.apple.product-type.application";
		};
/* End PBXNativeTarget section */

/* Begin PBXProject section */
		921F13F429DA2ACE007B9778 /* Project object */ = {
			isa = PBXProject;
			attributes = {
				BuildIndependentTargetsInParallel = 1;
				LastSwiftUpdateCheck = 1420;
				LastUpgradeCheck = 1420;
				TargetAttributes = {
					921F13FB29DA2ACE007B9778 = {
						CreatedOnToolsVersion = 14.2;
					};
				};
			};
			buildConfigurationList = 921F13F729DA2ACE007B9778 /* Build configuration list for PBXProject "HammerTest" */;
			compatibilityVersion = "Xcode 14.0";
			developmentRegion = en;
			hasScannedForEncodings = 0;
			knownRegions = (
				en,
				Base,
			);
			mainGroup = 921F13F329DA2ACE007B9778;
			productRefGroup = 921F13FD29DA2ACE007B9778 /* Products */;
			projectDirPath = "";
			projectRoot = "";
			targets = (
				921F13FB29DA2ACE007B9778 /* HammerTest */,
			);
		};
/* End PBXProject section */

/* Begin PBXResourcesBuildPhase section */
		921F13FA29DA2ACE007B9778 /* Resources */ = {
			isa = PBXResourcesBuildPhase;
			buildActionMask = 2147483647;
			files = (
				921F140C29DA2ACF007B9778 /* LaunchScreen.storyboard in Resources */,
				921F140929DA2ACF007B9778 /* Assets.xcassets in Resources */,
			);
			runOnlyForDeploymentPostprocessing = 0;
		};
/* End PBXResourcesBuildPhase section */

/* Begin PBXShellScriptBuildPhase section */
		0DCD7AD3ECB3DFBDABE6653F /* [CP] Embed Pods Frameworks */ = {
			isa = PBXShellScriptBuildPhase;
			buildActionMask = 2147483647;
			files = (
			);
			inputFileListPaths = (
				"${PODS_ROOT}/Target Support Files/Pods-HammerTest/Pods-HammerTest-frameworks-${CONFIGURATION}-input-files.xcfilelist",
			);
			name = "[CP] Embed Pods Frameworks";
			outputFileListPaths = (
				"${PODS_ROOT}/Target Support Files/Pods-HammerTest/Pods-HammerTest-frameworks-${CONFIGURATION}-output-files.xcfilelist",
			);
			runOnlyForDeploymentPostprocessing = 0;
			shellPath = /bin/sh;
			shellScript = "\"${PODS_ROOT}/Target Support Files/Pods-HammerTest/Pods-HammerTest-frameworks.sh\"\n";
			showEnvVarsInLog = 0;
		};
		E03F79E8479439B1A053FA46 /* [CP] Check Pods Manifest.lock */ = {
			isa = PBXShellScriptBuildPhase;
			buildActionMask = 2147483647;
			files = (
			);
			inputFileListPaths = (
			);
			inputPaths = (
				"${PODS_PODFILE_DIR_PATH}/Podfile.lock",
				"${PODS_ROOT}/Manifest.lock",
			);
			name = "[CP] Check Pods Manifest.lock";
			outputFileListPaths = (
			);
			outputPaths = (
				"$(DERIVED_FILE_DIR)/Pods-HammerTest-checkManifestLockResult.txt",
			);
			runOnlyForDeploymentPostprocessing = 0;
			shellPath = /bin/sh;
			shellScript = "diff \"${PODS_PODFILE_DIR_PATH}/Podfile.lock\" \"${PODS_ROOT}/Manifest.lock\" > /dev/null\nif [ $? != 0 ] ; then\n    # print error to STDERR\n    echo \"error: The sandbox is not in sync with the Podfile.lock. Run 'pod install' or update your CocoaPods installation.\" >&2\n    exit 1\nfi\n# This output is used by Xcode 'outputs' to avoid re-running this script phase.\necho \"SUCCESS\" > \"${SCRIPT_OUTPUT_FILE_0}\"\n";
			showEnvVarsInLog = 0;
		};
/* End PBXShellScriptBuildPhase section */

/* Begin PBXSourcesBuildPhase section */
		921F13F829DA2ACE007B9778 /* Sources */ = {
			isa = PBXSourcesBuildPhase;
			buildActionMask = 2147483647;
			files = (
				9239822C29DABAD900A087C3 /* UIView.swift in Sources */,
				9239825429DB857600A087C3 /* MainViewPresenter.swift in Sources */,
				9239824729DB433C00A087C3 /* RequestFactory.swift in Sources */,
				9239822529DA43D200A087C3 /* BannerView.swift in Sources */,
				921F140429DA2ACE007B9778 /* MainViewController.swift in Sources */,
				9239822A29DABAC800A087C3 /* UICollectionViewCell.swift in Sources */,
				9239824129DB423400A087C3 /* ErrorParser.swift in Sources */,
				9239822F29DABD5100A087C3 /* BannerViewCell.swift in Sources */,
				9239824329DB426800A087C3 /* RequestRouter.swift in Sources */,
				9239820F29DA35DF00A087C3 /* Design.swift in Sources */,
				9239821329DA372900A087C3 /* AppCoordinator.swift in Sources */,
				9239825829DB873800A087C3 /* MainProtocols.swift in Sources */,
				921F140029DA2ACE007B9778 /* AppDelegate.swift in Sources */,
				9239823D29DB41C500A087C3 /* AbstractRequestFactory.swift in Sources */,
				9239823729DAF38B00A087C3 /* MenuTableCell.swift in Sources */,
				9239825629DB86B100A087C3 /* MainModuleBuilder.swift in Sources */,
				9239823B29DB419900A087C3 /* AbstractErrorParser.swift in Sources */,
				9239825229DB6C6500A087C3 /* UIViewController.swift in Sources */,
				9239824E29DB4AB000A087C3 /* PizzaListRequest.swift in Sources */,
				9239823F29DB420900A087C3 /* DataRequest.swift in Sources */,
				9239822829DABABC00A087C3 /* UITableViewCell.swift in Sources */,
				9239822129DA390200A087C3 /* TabBarViewController.swift in Sources */,
				9239823429DAE5DA00A087C3 /* CategoryViewCell.swift in Sources */,
				9239821E29DA38BA00A087C3 /* CartViewController.swift in Sources */,
				9239824C29DB47A400A087C3 /* PizzaResult.swift in Sources */,
				9239824A29DB457200A087C3 /* PizzaListFactory.swift in Sources */,
				9239821B29DA382300A087C3 /* ProfileViewController.swift in Sources */,
				9239825029DB4B5500A087C3 /* Network.swift in Sources */,
				921F140229DA2ACE007B9778 /* SceneDelegate.swift in Sources */,
				9239821629DA37CE00A087C3 /* ContactsViewController.swift in Sources */,
				9239823229DAE5CC00A087C3 /* CategoryView.swift in Sources */,
			);
			runOnlyForDeploymentPostprocessing = 0;
		};
/* End PBXSourcesBuildPhase section */

/* Begin PBXVariantGroup section */
		921F140A29DA2ACF007B9778 /* LaunchScreen.storyboard */ = {
			isa = PBXVariantGroup;
			children = (
				921F140B29DA2ACF007B9778 /* Base */,
			);
			name = LaunchScreen.storyboard;
			sourceTree = "<group>";
		};
/* End PBXVariantGroup section */

/* Begin XCBuildConfiguration section */
		921F140E29DA2ACF007B9778 /* Debug */ = {
			isa = XCBuildConfiguration;
			buildSettings = {
				ALWAYS_SEARCH_USER_PATHS = NO;
				CLANG_ANALYZER_NONNULL = YES;
				CLANG_ANALYZER_NUMBER_OBJECT_CONVERSION = YES_AGGRESSIVE;
				CLANG_CXX_LANGUAGE_STANDARD = "gnu++20";
				CLANG_ENABLE_MODULES = YES;
				CLANG_ENABLE_OBJC_ARC = YES;
				CLANG_ENABLE_OBJC_WEAK = YES;
				CLANG_WARN_BLOCK_CAPTURE_AUTORELEASING = YES;
				CLANG_WARN_BOOL_CONVERSION = YES;
				CLANG_WARN_COMMA = YES;
				CLANG_WARN_CONSTANT_CONVERSION = YES;
				CLANG_WARN_DEPRECATED_OBJC_IMPLEMENTATIONS = YES;
				CLANG_WARN_DIRECT_OBJC_ISA_USAGE = YES_ERROR;
				CLANG_WARN_DOCUMENTATION_COMMENTS = YES;
				CLANG_WARN_EMPTY_BODY = YES;
				CLANG_WARN_ENUM_CONVERSION = YES;
				CLANG_WARN_INFINITE_RECURSION = YES;
				CLANG_WARN_INT_CONVERSION = YES;
				CLANG_WARN_NON_LITERAL_NULL_CONVERSION = YES;
				CLANG_WARN_OBJC_IMPLICIT_RETAIN_SELF = YES;
				CLANG_WARN_OBJC_LITERAL_CONVERSION = YES;
				CLANG_WARN_OBJC_ROOT_CLASS = YES_ERROR;
				CLANG_WARN_QUOTED_INCLUDE_IN_FRAMEWORK_HEADER = YES;
				CLANG_WARN_RANGE_LOOP_ANALYSIS = YES;
				CLANG_WARN_STRICT_PROTOTYPES = YES;
				CLANG_WARN_SUSPICIOUS_MOVE = YES;
				CLANG_WARN_UNGUARDED_AVAILABILITY = YES_AGGRESSIVE;
				CLANG_WARN_UNREACHABLE_CODE = YES;
				CLANG_WARN__DUPLICATE_METHOD_MATCH = YES;
				COPY_PHASE_STRIP = NO;
				DEBUG_INFORMATION_FORMAT = dwarf;
				ENABLE_STRICT_OBJC_MSGSEND = YES;
				ENABLE_TESTABILITY = YES;
				GCC_C_LANGUAGE_STANDARD = gnu11;
				GCC_DYNAMIC_NO_PIC = NO;
				GCC_NO_COMMON_BLOCKS = YES;
				GCC_OPTIMIZATION_LEVEL = 0;
				GCC_PREPROCESSOR_DEFINITIONS = (
					"DEBUG=1",
					"$(inherited)",
				);
				GCC_WARN_64_TO_32_BIT_CONVERSION = YES;
				GCC_WARN_ABOUT_RETURN_TYPE = YES_ERROR;
				GCC_WARN_UNDECLARED_SELECTOR = YES;
				GCC_WARN_UNINITIALIZED_AUTOS = YES_AGGRESSIVE;
				GCC_WARN_UNUSED_FUNCTION = YES;
				GCC_WARN_UNUSED_VARIABLE = YES;
				IPHONEOS_DEPLOYMENT_TARGET = 16.2;
				MTL_ENABLE_DEBUG_INFO = INCLUDE_SOURCE;
				MTL_FAST_MATH = YES;
				ONLY_ACTIVE_ARCH = YES;
				SDKROOT = iphoneos;
				SWIFT_ACTIVE_COMPILATION_CONDITIONS = DEBUG;
				SWIFT_OPTIMIZATION_LEVEL = "-Onone";
			};
			name = Debug;
		};
		921F140F29DA2ACF007B9778 /* Release */ = {
			isa = XCBuildConfiguration;
			buildSettings = {
				ALWAYS_SEARCH_USER_PATHS = NO;
				CLANG_ANALYZER_NONNULL = YES;
				CLANG_ANALYZER_NUMBER_OBJECT_CONVERSION = YES_AGGRESSIVE;
				CLANG_CXX_LANGUAGE_STANDARD = "gnu++20";
				CLANG_ENABLE_MODULES = YES;
				CLANG_ENABLE_OBJC_ARC = YES;
				CLANG_ENABLE_OBJC_WEAK = YES;
				CLANG_WARN_BLOCK_CAPTURE_AUTORELEASING = YES;
				CLANG_WARN_BOOL_CONVERSION = YES;
				CLANG_WARN_COMMA = YES;
				CLANG_WARN_CONSTANT_CONVERSION = YES;
				CLANG_WARN_DEPRECATED_OBJC_IMPLEMENTATIONS = YES;
				CLANG_WARN_DIRECT_OBJC_ISA_USAGE = YES_ERROR;
				CLANG_WARN_DOCUMENTATION_COMMENTS = YES;
				CLANG_WARN_EMPTY_BODY = YES;
				CLANG_WARN_ENUM_CONVERSION = YES;
				CLANG_WARN_INFINITE_RECURSION = YES;
				CLANG_WARN_INT_CONVERSION = YES;
				CLANG_WARN_NON_LITERAL_NULL_CONVERSION = YES;
				CLANG_WARN_OBJC_IMPLICIT_RETAIN_SELF = YES;
				CLANG_WARN_OBJC_LITERAL_CONVERSION = YES;
				CLANG_WARN_OBJC_ROOT_CLASS = YES_ERROR;
				CLANG_WARN_QUOTED_INCLUDE_IN_FRAMEWORK_HEADER = YES;
				CLANG_WARN_RANGE_LOOP_ANALYSIS = YES;
				CLANG_WARN_STRICT_PROTOTYPES = YES;
				CLANG_WARN_SUSPICIOUS_MOVE = YES;
				CLANG_WARN_UNGUARDED_AVAILABILITY = YES_AGGRESSIVE;
				CLANG_WARN_UNREACHABLE_CODE = YES;
				CLANG_WARN__DUPLICATE_METHOD_MATCH = YES;
				COPY_PHASE_STRIP = NO;
				DEBUG_INFORMATION_FORMAT = "dwarf-with-dsym";
				ENABLE_NS_ASSERTIONS = NO;
				ENABLE_STRICT_OBJC_MSGSEND = YES;
				GCC_C_LANGUAGE_STANDARD = gnu11;
				GCC_NO_COMMON_BLOCKS = YES;
				GCC_WARN_64_TO_32_BIT_CONVERSION = YES;
				GCC_WARN_ABOUT_RETURN_TYPE = YES_ERROR;
				GCC_WARN_UNDECLARED_SELECTOR = YES;
				GCC_WARN_UNINITIALIZED_AUTOS = YES_AGGRESSIVE;
				GCC_WARN_UNUSED_FUNCTION = YES;
				GCC_WARN_UNUSED_VARIABLE = YES;
				IPHONEOS_DEPLOYMENT_TARGET = 16.2;
				MTL_ENABLE_DEBUG_INFO = NO;
				MTL_FAST_MATH = YES;
				SDKROOT = iphoneos;
				SWIFT_COMPILATION_MODE = wholemodule;
				SWIFT_OPTIMIZATION_LEVEL = "-O";
				VALIDATE_PRODUCT = YES;
			};
			name = Release;
		};
		921F141129DA2ACF007B9778 /* Debug */ = {
			isa = XCBuildConfiguration;
			baseConfigurationReference = DE480FDD37615B0ABE3F8453 /* Pods-HammerTest.debug.xcconfig */;
			buildSettings = {
				ASSETCATALOG_COMPILER_APPICON_NAME = AppIcon;
				ASSETCATALOG_COMPILER_GLOBAL_ACCENT_COLOR_NAME = AccentColor;
				CODE_SIGN_STYLE = Automatic;
				CURRENT_PROJECT_VERSION = 1;
				DEVELOPMENT_TEAM = FALWNHMM4Z;
				GENERATE_INFOPLIST_FILE = YES;
				INFOPLIST_FILE = HammerTest/Resources/Info.plist;
				INFOPLIST_KEY_UIApplicationSupportsIndirectInputEvents = YES;
				INFOPLIST_KEY_UILaunchStoryboardName = LaunchScreen.storyboard;
				INFOPLIST_KEY_UISupportedInterfaceOrientations = UIInterfaceOrientationPortrait;
				IPHONEOS_DEPLOYMENT_TARGET = 14.0;
				LD_RUNPATH_SEARCH_PATHS = (
					"$(inherited)",
					"@executable_path/Frameworks",
				);
				MARKETING_VERSION = 1.0;
				PRODUCT_BUNDLE_IDENTIFIER = com.app.HammerTest;
				PRODUCT_NAME = "$(TARGET_NAME)";
				SWIFT_EMIT_LOC_STRINGS = YES;
				SWIFT_VERSION = 5.0;
				TARGETED_DEVICE_FAMILY = "1,2";
			};
			name = Debug;
		};
		921F141229DA2ACF007B9778 /* Release */ = {
			isa = XCBuildConfiguration;
			baseConfigurationReference = 4803D4D5E32B94A33D4AD44B /* Pods-HammerTest.release.xcconfig */;
			buildSettings = {
				ASSETCATALOG_COMPILER_APPICON_NAME = AppIcon;
				ASSETCATALOG_COMPILER_GLOBAL_ACCENT_COLOR_NAME = AccentColor;
				CODE_SIGN_STYLE = Automatic;
				CURRENT_PROJECT_VERSION = 1;
				DEVELOPMENT_TEAM = FALWNHMM4Z;
				GENERATE_INFOPLIST_FILE = YES;
				INFOPLIST_FILE = HammerTest/Resources/Info.plist;
				INFOPLIST_KEY_UIApplicationSupportsIndirectInputEvents = YES;
				INFOPLIST_KEY_UILaunchStoryboardName = LaunchScreen.storyboard;
				INFOPLIST_KEY_UISupportedInterfaceOrientations = UIInterfaceOrientationPortrait;
				IPHONEOS_DEPLOYMENT_TARGET = 14.0;
				LD_RUNPATH_SEARCH_PATHS = (
					"$(inherited)",
					"@executable_path/Frameworks",
				);
				MARKETING_VERSION = 1.0;
				PRODUCT_BUNDLE_IDENTIFIER = com.app.HammerTest;
				PRODUCT_NAME = "$(TARGET_NAME)";
				SWIFT_EMIT_LOC_STRINGS = YES;
				SWIFT_VERSION = 5.0;
				TARGETED_DEVICE_FAMILY = "1,2";
			};
			name = Release;
		};
/* End XCBuildConfiguration section */

/* Begin XCConfigurationList section */
		921F13F729DA2ACE007B9778 /* Build configuration list for PBXProject "HammerTest" */ = {
			isa = XCConfigurationList;
			buildConfigurations = (
				921F140E29DA2ACF007B9778 /* Debug */,
				921F140F29DA2ACF007B9778 /* Release */,
			);
			defaultConfigurationIsVisible = 0;
			defaultConfigurationName = Release;
		};
		921F141029DA2ACF007B9778 /* Build configuration list for PBXNativeTarget "HammerTest" */ = {
			isa = XCConfigurationList;
			buildConfigurations = (
				921F141129DA2ACF007B9778 /* Debug */,
				921F141229DA2ACF007B9778 /* Release */,
			);
			defaultConfigurationIsVisible = 0;
			defaultConfigurationName = Release;
		};
/* End XCConfigurationList section */
	};
	rootObject = 921F13F429DA2ACE007B9778 /* Project object */;
}
